
Microsoft Visual Studio Solution File, Format Version 12.00
# Visual Studio Version 17
VisualStudioVersion = 17.1.32407.343
MinimumVisualStudioVersion = 10.0.40219.1
Project("{FAE04EC0-301F-11D3-BF4B-00C04F79EFBC}") = "AlgorithmPrograms", "AlgorithmPrograms\AlgorithmPrograms.csproj", "{1C762E1A-4F6C-49CD-B758-5D64019E6BE2}"
EndProject
Global
	GlobalSection(SolutionConfigurationPlatforms) = preSolution
		Debug|Any CPU = Debug|Any CPU
		Release|Any CPU = Release|Any CPU
	EndGlobalSection
	GlobalSection(ProjectConfigurationPlatforms) = postSolution
		{1C762E1A-4F6C-49CD-B758-5D64019E6BE2}.Debug|Any CPU.ActiveCfg = Debug|Any CPU
		{1C762E1A-4F6C-49CD-B758-5D64019E6BE2}.Debug|Any CPU.Build.0 = Debug|Any CPU
		{1C762E1A-4F6C-49CD-B758-5D64019E6BE2}.Release|Any CPU.ActiveCfg = Release|Any CPU
		{1C762E1A-4F6C-49CD-B758-5D64019E6BE2}.Release|Any CPU.Build.0 = Release|Any CPU
	EndGlobalSection
	GlobalSection(SolutionProperties) = preSolution
		HideSolutionNode = FALSE
	EndGlobalSection
	GlobalSection(ExtensibilityGlobals) = postSolution
		SolutionGuid = {779E25EF-0FC6-4111-AAFF-A94CAAE3F77B}
	EndGlobalSection
EndGlobal
